
Microsoft Visual Studio Solution File, Format Version 12.00
# Visual Studio Version 16
VisualStudioVersion = 16.0.31624.102
MinimumVisualStudioVersion = 10.0.40219.1
Project("{FAE04EC0-301F-11D3-BF4B-00C04F79EFBC}") = "IntegrTesting", "IntegrTesting\IntegrTesting.csproj", "{808FB77A-1C2C-4788-BB7C-DA10F6A382E5}"
EndProject
Project("{FAE04EC0-301F-11D3-BF4B-00C04F79EFBC}") = "TrigTest", "TrigTest\TrigTest.csproj", "{2B380622-05BF-4896-8B0D-F703055C0129}"
EndProject
Project("{FAE04EC0-301F-11D3-BF4B-00C04F79EFBC}") = "LogTest", "LogTest\LogTest.csproj", "{7A852F73-24B0-41F4-B06B-B5813FBDCF4A}"
EndProject
Global
	GlobalSection(SolutionConfigurationPlatforms) = preSolution
		Debug|Any CPU = Debug|Any CPU
		Release|Any CPU = Release|Any CPU
	EndGlobalSection
	GlobalSection(ProjectConfigurationPlatforms) = postSolution
		{808FB77A-1C2C-4788-BB7C-DA10F6A382E5}.Debug|Any CPU.ActiveCfg = Debug|Any CPU
		{808FB77A-1C2C-4788-BB7C-DA10F6A382E5}.Debug|Any CPU.Build.0 = Debug|Any CPU
		{808FB77A-1C2C-4788-BB7C-DA10F6A382E5}.Release|Any CPU.ActiveCfg = Release|Any CPU
		{808FB77A-1C2C-4788-BB7C-DA10F6A382E5}.Release|Any CPU.Build.0 = Release|Any CPU
		{2B380622-05BF-4896-8B0D-F703055C0129}.Debug|Any CPU.ActiveCfg = Debug|Any CPU
		{2B380622-05BF-4896-8B0D-F703055C0129}.Debug|Any CPU.Build.0 = Debug|Any CPU
		{2B380622-05BF-4896-8B0D-F703055C0129}.Release|Any CPU.ActiveCfg = Release|Any CPU
		{2B380622-05BF-4896-8B0D-F703055C0129}.Release|Any CPU.Build.0 = Release|Any CPU
		{7A852F73-24B0-41F4-B06B-B5813FBDCF4A}.Debug|Any CPU.ActiveCfg = Debug|Any CPU
		{7A852F73-24B0-41F4-B06B-B5813FBDCF4A}.Debug|Any CPU.Build.0 = Debug|Any CPU
		{7A852F73-24B0-41F4-B06B-B5813FBDCF4A}.Release|Any CPU.ActiveCfg = Release|Any CPU
		{7A852F73-24B0-41F4-B06B-B5813FBDCF4A}.Release|Any CPU.Build.0 = Release|Any CPU
	EndGlobalSection
	GlobalSection(SolutionProperties) = preSolution
		HideSolutionNode = FALSE
	EndGlobalSection
	GlobalSection(ExtensibilityGlobals) = postSolution
		SolutionGuid = {7DAEB377-D38A-4BF7-9919-F3D603BC327D}
	EndGlobalSection
EndGlobal
